// !$*UTF8*$!
{
	archiveVersion = 1;
	classes = {
	};
	objectVersion = 46;
	objects = {

/* Begin PBXBuildFile section */
		049D76CF173CD67200D0FEB3 /* UIKit.framework in Frameworks */ = {isa = PBXBuildFile; fileRef = 049D76CE173CD67200D0FEB3 /* UIKit.framework */; };
		049D76D1173CD67200D0FEB3 /* Foundation.framework in Frameworks */ = {isa = PBXBuildFile; fileRef = 049D76D0173CD67200D0FEB3 /* Foundation.framework */; };
		049D76D3173CD67200D0FEB3 /* CoreGraphics.framework in Frameworks */ = {isa = PBXBuildFile; fileRef = 049D76D2173CD67200D0FEB3 /* CoreGraphics.framework */; };
		049D76D9173CD67200D0FEB3 /* InfoPlist.strings in Resources */ = {isa = PBXBuildFile; fileRef = 049D76D7173CD67200D0FEB3 /* InfoPlist.strings */; };
		049D76DB173CD67200D0FEB3 /* main.m in Sources */ = {isa = PBXBuildFile; fileRef = 049D76DA173CD67200D0FEB3 /* main.m */; };
		049D76DF173CD67200D0FEB3 /* AppDelegate.m in Sources */ = {isa = PBXBuildFile; fileRef = 049D76DE173CD67200D0FEB3 /* AppDelegate.m */; };
		049D76E1173CD67200D0FEB3 /* Default.png in Resources */ = {isa = PBXBuildFile; fileRef = 049D76E0173CD67200D0FEB3 /* Default.png */; };
		049D76E3173CD67200D0FEB3 /* Default@2x.png in Resources */ = {isa = PBXBuildFile; fileRef = 049D76E2173CD67200D0FEB3 /* Default@2x.png */; };
		049D76E5173CD67200D0FEB3 /* Default-568h@2x.png in Resources */ = {isa = PBXBuildFile; fileRef = 049D76E4173CD67200D0FEB3 /* Default-568h@2x.png */; };
		049D76E8173CD67200D0FEB3 /* ViewController.m in Sources */ = {isa = PBXBuildFile; fileRef = 049D76E7173CD67200D0FEB3 /* ViewController.m */; };
		049D76EB173CD67200D0FEB3 /* ViewController.xib in Resources */ = {isa = PBXBuildFile; fileRef = 049D76E9173CD67200D0FEB3 /* ViewController.xib */; };
		049D76FE173CD6A700D0FEB3 /* WaterView.m in Sources */ = {isa = PBXBuildFile; fileRef = 049D76F3173CD6A700D0FEB3 /* WaterView.m */; };
		049D76FF173CD6A700D0FEB3 /* MessView.m in Sources */ = {isa = PBXBuildFile; fileRef = 049D76F5173CD6A700D0FEB3 /* MessView.m */; };
		049D7700173CD6A700D0FEB3 /* UIButton+URL.m in Sources */ = {isa = PBXBuildFile; fileRef = 049D76F7173CD6A700D0FEB3 /* UIButton+URL.m */; };
		049D7701173CD6A700D0FEB3 /* dataList.plist in Resources */ = {isa = PBXBuildFile; fileRef = 049D76F8173CD6A700D0FEB3 /* dataList.plist */; };
		049D7702173CD6A700D0FEB3 /* DataAccess.m in Sources */ = {isa = PBXBuildFile; fileRef = 049D76FB173CD6A700D0FEB3 /* DataAccess.m */; };
		049D7703173CD6A700D0FEB3 /* DataInfo.m in Sources */ = {isa = PBXBuildFile; fileRef = 049D76FD173CD6A700D0FEB3 /* DataInfo.m */; };
/* End PBXBuildFile section */

/* Begin PBXFileReference section */
		049D76CA173CD67200D0FEB3 /* WaterFallKit.app */ = {isa = PBXFileReference; explicitFileType = wrapper.application; includeInIndex = 0; path = WaterFallKit.app; sourceTree = BUILT_PRODUCTS_DIR; };
		049D76CE173CD67200D0FEB3 /* UIKit.framework */ = {isa = PBXFileReference; lastKnownFileType = wrapper.framework; name = UIKit.framework; path = System/Library/Frameworks/UIKit.framework; sourceTree = SDKROOT; };
		049D76D0173CD67200D0FEB3 /* Foundation.framework */ = {isa = PBXFileReference; lastKnownFileType = wrapper.framework; name = Foundation.framework; path = System/Library/Frameworks/Foundation.framework; sourceTree = SDKROOT; };
		049D76D2173CD67200D0FEB3 /* CoreGraphics.framework */ = {isa = PBXFileReference; lastKnownFileType = wrapper.framework; name = CoreGraphics.framework; path = System/Library/Frameworks/CoreGraphics.framework; sourceTree = SDKROOT; };
		049D76D6173CD67200D0FEB3 /* WaterFallKit-Info.plist */ = {isa = PBXFileReference; lastKnownFileType = text.plist.xml; path = "WaterFallKit-Info.plist"; sourceTree = "<group>"; };
		049D76D8173CD67200D0FEB3 /* en */ = {isa = PBXFileReference; lastKnownFileType = text.plist.strings; name = en; path = en.lproj/InfoPlist.strings; sourceTree = "<group>"; };
		049D76DA173CD67200D0FEB3 /* main.m */ = {isa = PBXFileReference; lastKnownFileType = sourcecode.c.objc; path = main.m; sourceTree = "<group>"; };
		049D76DC173CD67200D0FEB3 /* WaterFallKit-Prefix.pch */ = {isa = PBXFileReference; lastKnownFileType = sourcecode.c.h; path = "WaterFallKit-Prefix.pch"; sourceTree = "<group>"; };
		049D76DD173CD67200D0FEB3 /* AppDelegate.h */ = {isa = PBXFileReference; lastKnownFileType = sourcecode.c.h; path = AppDelegate.h; sourceTree = "<group>"; };
		049D76DE173CD67200D0FEB3 /* AppDelegate.m */ = {isa = PBXFileReference; lastKnownFileType = sourcecode.c.objc; path = AppDelegate.m; sourceTree = "<group>"; };
		049D76E0173CD67200D0FEB3 /* Default.png */ = {isa = PBXFileReference; lastKnownFileType = image.png; path = Default.png; sourceTree = "<group>"; };
		049D76E2173CD67200D0FEB3 /* Default@2x.png */ = {isa = PBXFileReference; lastKnownFileType = image.png; path = "Default@2x.png"; sourceTree = "<group>"; };
		049D76E4173CD67200D0FEB3 /* Default-568h@2x.png */ = {isa = PBXFileReference; lastKnownFileType = image.png; path = "Default-568h@2x.png"; sourceTree = "<group>"; };
		049D76E6173CD67200D0FEB3 /* ViewController.h */ = {isa = PBXFileReference; lastKnownFileType = sourcecode.c.h; path = ViewController.h; sourceTree = "<group>"; };
		049D76E7173CD67200D0FEB3 /* ViewController.m */ = {isa = PBXFileReference; lastKnownFileType = sourcecode.c.objc; path = ViewController.m; sourceTree = "<group>"; };
		049D76EA173CD67200D0FEB3 /* en */ = {isa = PBXFileReference; lastKnownFileType = file.xib; name = en; path = en.lproj/ViewController.xib; sourceTree = "<group>"; };
		049D76F2173CD6A700D0FEB3 /* WaterView.h */ = {isa = PBXFileReference; fileEncoding = 4; lastKnownFileType = sourcecode.c.h; path = WaterView.h; sourceTree = "<group>"; };
		049D76F3173CD6A700D0FEB3 /* WaterView.m */ = {isa = PBXFileReference; fileEncoding = 4; lastKnownFileType = sourcecode.c.objc; path = WaterView.m; sourceTree = "<group>"; };
		049D76F4173CD6A700D0FEB3 /* MessView.h */ = {isa = PBXFileReference; fileEncoding = 4; lastKnownFileType = sourcecode.c.h; path = MessView.h; sourceTree = "<group>"; };
		049D76F5173CD6A700D0FEB3 /* MessView.m */ = {isa = PBXFileReference; fileEncoding = 4; lastKnownFileType = sourcecode.c.objc; path = MessView.m; sourceTree = "<group>"; };
		049D76F6173CD6A700D0FEB3 /* UIButton+URL.h */ = {isa = PBXFileReference; fileEncoding = 4; lastKnownFileType = sourcecode.c.h; path = "UIButton+URL.h"; sourceTree = "<group>"; };
		049D76F7173CD6A700D0FEB3 /* UIButton+URL.m */ = {isa = PBXFileReference; fileEncoding = 4; lastKnownFileType = sourcecode.c.objc; path = "UIButton+URL.m"; sourceTree = "<group>"; };
		049D76F8173CD6A700D0FEB3 /* dataList.plist */ = {isa = PBXFileReference; fileEncoding = 4; lastKnownFileType = text.plist.xml; path = dataList.plist; sourceTree = "<group>"; };
		049D76FA173CD6A700D0FEB3 /* DataAccess.h */ = {isa = PBXFileReference; fileEncoding = 4; lastKnownFileType = sourcecode.c.h; path = DataAccess.h; sourceTree = "<group>"; };
		049D76FB173CD6A700D0FEB3 /* DataAccess.m */ = {isa = PBXFileReference; fileEncoding = 4; lastKnownFileType = sourcecode.c.objc; path = DataAccess.m; sourceTree = "<group>"; };
		049D76FC173CD6A700D0FEB3 /* DataInfo.h */ = {isa = PBXFileReference; fileEncoding = 4; lastKnownFileType = sourcecode.c.h; path = DataInfo.h; sourceTree = "<group>"; };
		049D76FD173CD6A700D0FEB3 /* DataInfo.m */ = {isa = PBXFileReference; fileEncoding = 4; lastKnownFileType = sourcecode.c.objc; path = DataInfo.m; sourceTree = "<group>"; };
/* End PBXFileReference section */

/* Begin PBXFrameworksBuildPhase section */
		049D76C7173CD67200D0FEB3 /* Frameworks */ = {
			isa = PBXFrameworksBuildPhase;
			buildActionMask = 2147483647;
			files = (
				049D76CF173CD67200D0FEB3 /* UIKit.framework in Frameworks */,
				049D76D1173CD67200D0FEB3 /* Foundation.framework in Frameworks */,
				049D76D3173CD67200D0FEB3 /* CoreGraphics.framework in Frameworks */,
			);
			runOnlyForDeploymentPostprocessing = 0;
		};
/* End PBXFrameworksBuildPhase section */

/* Begin PBXGroup section */
		049D76BF173CD67200D0FEB3 = {
			isa = PBXGroup;
			children = (
				049D76D4173CD67200D0FEB3 /* WaterFallKit */,
				049D76CD173CD67200D0FEB3 /* Frameworks */,
				049D76CB173CD67200D0FEB3 /* Products */,
			);
			sourceTree = "<group>";
		};
		049D76CB173CD67200D0FEB3 /* Products */ = {
			isa = PBXGroup;
			children = (
				049D76CA173CD67200D0FEB3 /* WaterFallKit.app */,
			);
			name = Products;
			sourceTree = "<group>";
		};
		049D76CD173CD67200D0FEB3 /* Frameworks */ = {
			isa = PBXGroup;
			children = (
				049D76CE173CD67200D0FEB3 /* UIKit.framework */,
				049D76D0173CD67200D0FEB3 /* Foundation.framework */,
				049D76D2173CD67200D0FEB3 /* CoreGraphics.framework */,
			);
			name = Frameworks;
			sourceTree = "<group>";
		};
		049D76D4173CD67200D0FEB3 /* WaterFallKit */ = {
			isa = PBXGroup;
			children = (
				049D76DD173CD67200D0FEB3 /* AppDelegate.h */,
				049D76DE173CD67200D0FEB3 /* AppDelegate.m */,
				049D76E6173CD67200D0FEB3 /* ViewController.h */,
				049D76E7173CD67200D0FEB3 /* ViewController.m */,
				049D76E9173CD67200D0FEB3 /* ViewController.xib */,
				049D76F9173CD6A700D0FEB3 /* model */,
				049D76F1173CD6A700D0FEB3 /* WaterView */,
				049D76D5173CD67200D0FEB3 /* Supporting Files */,
			);
			path = WaterFallKit;
			sourceTree = "<group>";
		};
		049D76D5173CD67200D0FEB3 /* Supporting Files */ = {
			isa = PBXGroup;
			children = (
				049D76F8173CD6A700D0FEB3 /* dataList.plist */,
				049D76D6173CD67200D0FEB3 /* WaterFallKit-Info.plist */,
				049D76D7173CD67200D0FEB3 /* InfoPlist.strings */,
				049D76DA173CD67200D0FEB3 /* main.m */,
				049D76DC173CD67200D0FEB3 /* WaterFallKit-Prefix.pch */,
				049D76E0173CD67200D0FEB3 /* Default.png */,
				049D76E2173CD67200D0FEB3 /* Default@2x.png */,
				049D76E4173CD67200D0FEB3 /* Default-568h@2x.png */,
			);
			name = "Supporting Files";
			sourceTree = "<group>";
		};
		049D76F1173CD6A700D0FEB3 /* WaterView */ = {
			isa = PBXGroup;
			children = (
				049D76F2173CD6A700D0FEB3 /* WaterView.h */,
				049D76F3173CD6A700D0FEB3 /* WaterView.m */,
				049D76F4173CD6A700D0FEB3 /* MessView.h */,
				049D76F5173CD6A700D0FEB3 /* MessView.m */,
				049D76F6173CD6A700D0FEB3 /* UIButton+URL.h */,
				049D76F7173CD6A700D0FEB3 /* UIButton+URL.m */,
			);
			name = WaterView;
			path = AOWaterView;
			sourceTree = "<group>";
		};
		049D76F9173CD6A700D0FEB3 /* model */ = {
			isa = PBXGroup;
			children = (
				049D76FA173CD6A700D0FEB3 /* DataAccess.h */,
				049D76FB173CD6A700D0FEB3 /* DataAccess.m */,
				049D76FC173CD6A700D0FEB3 /* DataInfo.h */,
				049D76FD173CD6A700D0FEB3 /* DataInfo.m */,
			);
			path = model;
			sourceTree = "<group>";
		};
/* End PBXGroup section */

/* Begin PBXNativeTarget section */
		049D76C9173CD67200D0FEB3 /* WaterFallKit */ = {
			isa = PBXNativeTarget;
			buildConfigurationList = 049D76EE173CD67200D0FEB3 /* Build configuration list for PBXNativeTarget "WaterFallKit" */;
			buildPhases = (
				049D76C6173CD67200D0FEB3 /* Sources */,
				049D76C7173CD67200D0FEB3 /* Frameworks */,
				049D76C8173CD67200D0FEB3 /* Resources */,
			);
			buildRules = (
			);
			dependencies = (
			);
			name = WaterFallKit;
			productName = WaterFallKit;
			productReference = 049D76CA173CD67200D0FEB3 /* WaterFallKit.app */;
			productType = "com.apple.product-type.application";
		};
/* End PBXNativeTarget section */

/* Begin PBXProject section */
		049D76C1173CD67200D0FEB3 /* Project object */ = {
			isa = PBXProject;
			attributes = {
				LastUpgradeCheck = 0450;
				ORGANIZATIONNAME = AlvinLui;
			};
			buildConfigurationList = 049D76C4173CD67200D0FEB3 /* Build configuration list for PBXProject "WaterFallKit" */;
			compatibilityVersion = "Xcode 3.2";
			developmentRegion = English;
			hasScannedForEncodings = 0;
			knownRegions = (
				en,
			);
			mainGroup = 049D76BF173CD67200D0FEB3;
			productRefGroup = 049D76CB173CD67200D0FEB3 /* Products */;
			projectDirPath = "";
			projectRoot = "";
			targets = (
				049D76C9173CD67200D0FEB3 /* WaterFallKit */,
			);
		};
/* End PBXProject section */

/* Begin PBXResourcesBuildPhase section */
		049D76C8173CD67200D0FEB3 /* Resources */ = {
			isa = PBXResourcesBuildPhase;
			buildActionMask = 2147483647;
			files = (
				049D76D9173CD67200D0FEB3 /* InfoPlist.strings in Resources */,
				049D76E1173CD67200D0FEB3 /* Default.png in Resources */,
				049D76E3173CD67200D0FEB3 /* Default@2x.png in Resources */,
				049D76E5173CD67200D0FEB3 /* Default-568h@2x.png in Resources */,
				049D76EB173CD67200D0FEB3 /* ViewController.xib in Resources */,
				049D7701173CD6A700D0FEB3 /* dataList.plist in Resources */,
			);
			runOnlyForDeploymentPostprocessing = 0;
		};
/* End PBXResourcesBuildPhase section */

/* Begin PBXSourcesBuildPhase section */
		049D76C6173CD67200D0FEB3 /* Sources */ = {
			isa = PBXSourcesBuildPhase;
			buildActionMask = 2147483647;
			files = (
				049D76DB173CD67200D0FEB3 /* main.m in Sources */,
				049D76DF173CD67200D0FEB3 /* AppDelegate.m in Sources */,
				049D76E8173CD67200D0FEB3 /* ViewController.m in Sources */,
				049D76FE173CD6A700D0FEB3 /* WaterView.m in Sources */,
				049D76FF173CD6A700D0FEB3 /* MessView.m in Sources */,
				049D7700173CD6A700D0FEB3 /* UIButton+URL.m in Sources */,
				049D7702173CD6A700D0FEB3 /* DataAccess.m in Sources */,
				049D7703173CD6A700D0FEB3 /* DataInfo.m in Sources */,
			);
			runOnlyForDeploymentPostprocessing = 0;
		};
/* End PBXSourcesBuildPhase section */

/* Begin PBXVariantGroup section */
		049D76D7173CD67200D0FEB3 /* InfoPlist.strings */ = {
			isa = PBXVariantGroup;
			children = (
				049D76D8173CD67200D0FEB3 /* en */,
			);
			name = InfoPlist.strings;
			sourceTree = "<group>";
		};
		049D76E9173CD67200D0FEB3 /* ViewController.xib */ = {
			isa = PBXVariantGroup;
			children = (
				049D76EA173CD67200D0FEB3 /* en */,
			);
			name = ViewController.xib;
			sourceTree = "<group>";
		};
/* End PBXVariantGroup section */

/* Begin XCBuildConfiguration section */
		049D76EC173CD67200D0FEB3 /* Debug */ = {
			isa = XCBuildConfiguration;
			buildSettings = {
				ALWAYS_SEARCH_USER_PATHS = NO;
				CLANG_CXX_LANGUAGE_STANDARD = "gnu++0x";
				CLANG_CXX_LIBRARY = "libc++";
				CLANG_WARN_EMPTY_BODY = YES;
				CLANG_WARN__DUPLICATE_METHOD_MATCH = YES;
				"CODE_SIGN_IDENTITY[sdk=iphoneos*]" = "iPhone Developer";
				COPY_PHASE_STRIP = NO;
				GCC_C_LANGUAGE_STANDARD = gnu99;
				GCC_DYNAMIC_NO_PIC = NO;
				GCC_OPTIMIZATION_LEVEL = 0;
				GCC_PREPROCESSOR_DEFINITIONS = (
					"DEBUG=1",
					"$(inherited)",
				);
				GCC_SYMBOLS_PRIVATE_EXTERN = NO;
				GCC_WARN_ABOUT_RETURN_TYPE = YES;
				GCC_WARN_UNINITIALIZED_AUTOS = YES;
				GCC_WARN_UNUSED_VARIABLE = YES;
				IPHONEOS_DEPLOYMENT_TARGET = 6.0;
				SDKROOT = iphoneos;
			};
			name = Debug;
		};
		049D76ED173CD67200D0FEB3 /* Release */ = {
			isa = XCBuildConfiguration;
			buildSettings = {
				ALWAYS_SEARCH_USER_PATHS = NO;
				CLANG_CXX_LANGUAGE_STANDARD = "gnu++0x";
				CLANG_CXX_LIBRARY = "libc++";
				CLANG_WARN_EMPTY_BODY = YES;
				CLANG_WARN__DUPLICATE_METHOD_MATCH = YES;
				"CODE_SIGN_IDENTITY[sdk=iphoneos*]" = "iPhone Developer";
				COPY_PHASE_STRIP = YES;
				GCC_C_LANGUAGE_STANDARD = gnu99;
				GCC_WARN_ABOUT_RETURN_TYPE = YES;
				GCC_WARN_UNINITIALIZED_AUTOS = YES;
				GCC_WARN_UNUSED_VARIABLE = YES;
				IPHONEOS_DEPLOYMENT_TARGET = 6.0;
				OTHER_CFLAGS = "-DNS_BLOCK_ASSERTIONS=1";
				SDKROOT = iphoneos;
				VALIDATE_PRODUCT = YES;
			};
			name = Release;
		};
		049D76EF173CD67200D0FEB3 /* Debug */ = {
			isa = XCBuildConfiguration;
			buildSettings = {
				GCC_PRECOMPILE_PREFIX_HEADER = YES;
				GCC_PREFIX_HEADER = "WaterFallKit/WaterFallKit-Prefix.pch";
				INFOPLIST_FILE = "WaterFallKit/WaterFallKit-Info.plist";
				PRODUCT_NAME = "$(TARGET_NAME)";
				WRAPPER_EXTENSION = app;
			};
			name = Debug;
		};
		049D76F0173CD67200D0FEB3 /* Release */ = {
			isa = XCBuildConfiguration;
			buildSettings = {
				GCC_PRECOMPILE_PREFIX_HEADER = YES;
				GCC_PREFIX_HEADER = "WaterFallKit/WaterFallKit-Prefix.pch";
				INFOPLIST_FILE = "WaterFallKit/WaterFallKit-Info.plist";
				PRODUCT_NAME = "$(TARGET_NAME)";
				WRAPPER_EXTENSION = app;
			};
			name = Release;
		};
/* End XCBuildConfiguration section */

/* Begin XCConfigurationList section */
		049D76C4173CD67200D0FEB3 /* Build configuration list for PBXProject "WaterFallKit" */ = {
			isa = XCConfigurationList;
			buildConfigurations = (
				049D76EC173CD67200D0FEB3 /* Debug */,
				049D76ED173CD67200D0FEB3 /* Release */,
			);
			defaultConfigurationIsVisible = 0;
			defaultConfigurationName = Release;
		};
		049D76EE173CD67200D0FEB3 /* Build configuration list for PBXNativeTarget "WaterFallKit" */ = {
			isa = XCConfigurationList;
			buildConfigurations = (
				049D76EF173CD67200D0FEB3 /* Debug */,
				049D76F0173CD67200D0FEB3 /* Release */,
			);
			defaultConfigurationIsVisible = 0;
		};
/* End XCConfigurationList section */
	};
	rootObject = 049D76C1173CD67200D0FEB3 /* Project object */;
}
